
Microsoft Visual Studio Solution File, Format Version 12.00
# Visual Studio Version 17
VisualStudioVersion = 17.14.35806.103 d17.14
MinimumVisualStudioVersion = 10.0.40219.1
Project("{FAE04EC0-301F-11D3-BF4B-00C04F79EFBC}") = "AcunmedyaOdev2", "AcunmedyaOdev2.csproj", "{F867AEAD-9063-4CDC-8238-C6194C93BDBF}"
EndProject
Global
	GlobalSection(SolutionConfigurationPlatforms) = preSolution
		Debug|Any CPU = Debug|Any CPU
		Release|Any CPU = Release|Any CPU
	EndGlobalSection
	GlobalSection(ProjectConfigurationPlatforms) = postSolution
		{F867AEAD-9063-4CDC-8238-C6194C93BDBF}.Debug|Any CPU.ActiveCfg = Debug|Any CPU
		{F867AEAD-9063-4CDC-8238-C6194C93BDBF}.Debug|Any CPU.Build.0 = Debug|Any CPU
		{F867AEAD-9063-4CDC-8238-C6194C93BDBF}.Release|Any CPU.ActiveCfg = Release|Any CPU
		{F867AEAD-9063-4CDC-8238-C6194C93BDBF}.Release|Any CPU.Build.0 = Release|Any CPU
	EndGlobalSection
	GlobalSection(SolutionProperties) = preSolution
		HideSolutionNode = FALSE
	EndGlobalSection
	GlobalSection(ExtensibilityGlobals) = postSolution
		SolutionGuid = {69351759-224C-4761-8EEE-D9E60E648DC0}
	EndGlobalSection
EndGlobal
